
Microsoft Visual Studio Solution File, Format Version 12.00
# Visual Studio Version 17
VisualStudioVersion = 17.12.35521.163
MinimumVisualStudioVersion = 10.0.40219.1
Project("{FAE04EC0-301F-11D3-BF4B-00C04F79EFBC}") = "LebaraSign", "LebaraSign\LebaraSign.csproj", "{5340FAE8-156B-4516-B7FE-EB8A980E5A1D}"
EndProject
Project("{54A90642-561A-4BB1-A94E-469ADEE60C69}") = "clientapp", "ClientApp\clientapp.esproj", "{BD19FA46-9FF5-4623-92EB-4B70C1F0F7A9}"
EndProject
Global
	GlobalSection(SolutionConfigurationPlatforms) = preSolution
		Debug|Any CPU = Debug|Any CPU
		Release|Any CPU = Release|Any CPU
	EndGlobalSection
	GlobalSection(ProjectConfigurationPlatforms) = postSolution
		{5340FAE8-156B-4516-B7FE-EB8A980E5A1D}.Debug|Any CPU.ActiveCfg = Debug|Any CPU
		{5340FAE8-156B-4516-B7FE-EB8A980E5A1D}.Debug|Any CPU.Build.0 = Debug|Any CPU
		{5340FAE8-156B-4516-B7FE-EB8A980E5A1D}.Release|Any CPU.ActiveCfg = Release|Any CPU
		{5340FAE8-156B-4516-B7FE-EB8A980E5A1D}.Release|Any CPU.Build.0 = Release|Any CPU
		{BD19FA46-9FF5-4623-92EB-4B70C1F0F7A9}.Debug|Any CPU.ActiveCfg = Debug|Any CPU
		{BD19FA46-9FF5-4623-92EB-4B70C1F0F7A9}.Debug|Any CPU.Build.0 = Debug|Any CPU
		{BD19FA46-9FF5-4623-92EB-4B70C1F0F7A9}.Debug|Any CPU.Deploy.0 = Debug|Any CPU
		{BD19FA46-9FF5-4623-92EB-4B70C1F0F7A9}.Release|Any CPU.ActiveCfg = Release|Any CPU
		{BD19FA46-9FF5-4623-92EB-4B70C1F0F7A9}.Release|Any CPU.Build.0 = Release|Any CPU
		{BD19FA46-9FF5-4623-92EB-4B70C1F0F7A9}.Release|Any CPU.Deploy.0 = Release|Any CPU
	EndGlobalSection
	GlobalSection(SolutionProperties) = preSolution
		HideSolutionNode = FALSE
	EndGlobalSection
EndGlobal
